
Microsoft Visual Studio Solution File, Format Version 12.00
# Visual Studio 2012
Project("{FAE04EC0-301F-11D3-BF4B-00C04F79EFBC}") = "EatWithChef", "EatWithChef\EatWithChef.csproj", "{E369C0C6-524D-4A17-B577-F899B431DD72}"
EndProject
Project("{FAE04EC0-301F-11D3-BF4B-00C04F79EFBC}") = "Domain", "Domain\Domain.csproj", "{2BD87B82-747C-4E6E-BF7F-5F1DF06158FA}"
EndProject
Global
	GlobalSection(TeamFoundationVersionControl) = preSolution
		SccNumberOfProjects = 3
		SccEnterpriseProvider = {4CA58AB2-18FA-4F8D-95D4-32DDF27D184C}
		SccTeamFoundationServer = https://nhannguyenfpt.visualstudio.com/defaultcollection
		SccLocalPath0 = .
		SccProjectUniqueName1 = Domain\\Domain.csproj
		SccProjectName1 = Domain
		SccLocalPath1 = Domain
		SccProjectUniqueName2 = EatWithChef\\EatWithChef.csproj
		SccProjectName2 = EatWithChef
		SccLocalPath2 = EatWithChef
	EndGlobalSection
	GlobalSection(SolutionConfigurationPlatforms) = preSolution
		Debug|Any CPU = Debug|Any CPU
		Release|Any CPU = Release|Any CPU
	EndGlobalSection
	GlobalSection(ProjectConfigurationPlatforms) = postSolution
		{E369C0C6-524D-4A17-B577-F899B431DD72}.Debug|Any CPU.ActiveCfg = Debug|Any CPU
		{E369C0C6-524D-4A17-B577-F899B431DD72}.Debug|Any CPU.Build.0 = Debug|Any CPU
		{E369C0C6-524D-4A17-B577-F899B431DD72}.Release|Any CPU.ActiveCfg = Release|Any CPU
		{E369C0C6-524D-4A17-B577-F899B431DD72}.Release|Any CPU.Build.0 = Release|Any CPU
		{2BD87B82-747C-4E6E-BF7F-5F1DF06158FA}.Debug|Any CPU.ActiveCfg = Debug|Any CPU
		{2BD87B82-747C-4E6E-BF7F-5F1DF06158FA}.Debug|Any CPU.Build.0 = Debug|Any CPU
		{2BD87B82-747C-4E6E-BF7F-5F1DF06158FA}.Release|Any CPU.ActiveCfg = Release|Any CPU
		{2BD87B82-747C-4E6E-BF7F-5F1DF06158FA}.Release|Any CPU.Build.0 = Release|Any CPU
	EndGlobalSection
	GlobalSection(SolutionProperties) = preSolution
		HideSolutionNode = FALSE
	EndGlobalSection
EndGlobal
